<?xml version="1.0" encoding="UTF-8"?>
<Project ToolsVersion="12.0" xmlns="http://schemas.microsoft.com/developer/msbuild/2003">
  <ItemGroup>
    <ClCompile Include="C:\Users\Alain\Desktop\opengl-terrain\source\main.cpp">
      <Filter>Source Files</Filter>
    </ClCompile>
  </ItemGroup>
  <ItemGroup>
    <ClInclude Include="C:\Users\Alain\Desktop\opengl-terrain\source\framebuffer\FrameBuffer.h">
      <Filter>Header Files</Filter>
    </ClInclude>
    <ClInclude Include="C:\Users\Alain\Desktop\opengl-terrain\source\fullscreenquad\FullScreenQuad.h">
      <Filter>Header Files</Filter>
    </ClInclude>
    <ClInclude Include="C:\Users\Alain\Desktop\opengl-terrain\source\grid\grid.h">
      <Filter>Header Files</Filter>
    </ClInclude>
    <ClInclude Include="C:\Users\Alain\Desktop\opengl-terrain\source\trackball\trackball.h">
      <Filter>Header Files</Filter>
    </ClInclude>
  </ItemGroup>
  <ItemGroup>
    <CustomBuild Include="C:\Users\Alain\Desktop\opengl-terrain\source\CMakeLists.txt" />
  </ItemGroup>
  <ItemGroup>
    <None Include="C:\Users\Alain\Desktop\opengl-terrain\source\fullscreenquad\FullScreenQuad_fshader.glsl" />
    <None Include="C:\Users\Alain\Desktop\opengl-terrain\source\fullscreenquad\FullScreenQuad_vshader.glsl" />
    <None Include="C:\Users\Alain\Desktop\opengl-terrain\source\grid\grid_fshader.glsl" />
    <None Include="C:\Users\Alain\Desktop\opengl-terrain\source\grid\grid_vshader.glsl" />
  </ItemGroup>
  <ItemGroup>
    <Filter Include="Source Files">
      <UniqueIdentifier>{301E0448-E5E8-475E-BDEC-22EE89ABF54F}</UniqueIdentifier>
    </Filter>
    <Filter Include="Header Files">
      <UniqueIdentifier>{F6EEA52D-1069-4986-B73F-36D29D05E2E5}</UniqueIdentifier>
    </Filter>
  </ItemGroup>
</Project>
